# This file was autogenerated by Stack.
# You should not edit this file by hand.
# For more information, please see the documentation at:
#   https://docs.haskellstack.org/en/stable/lock_files

packages:
- completed:
    hackage: HDBC-postgresql-2.3.2.7@sha256:93d8e3c3d2dc9291a10f28ae3f8d0604a55ef47298ed43003a4d16f3d9905bae,3228
    pantry-tree:
      size: 1740
      sha256: 07bfba988402849f447025b324f2993ea88ac0ec4f7dd4b86942644e2e239d45
  original:
    hackage: HDBC-postgresql-2.3.2.7
- completed:
    hackage: HsSyck-0.53@sha256:a987ae2163811bdebfd4f2e2dcb7c75e9d2d68afd97d196f969d6a74786e43da,1818
    pantry-tree:
      size: 1024
      sha256: d0465b8296fc621a76c7362eadf1364489781ca09d79441ec22b7a18b12eed46
  original:
    hackage: HsSyck-0.53
- completed:
    hackage: dbmigrations-2.0.0@sha256:1e3bd62ca980659d27b6bc7b00e58ae0e2bf7781e3859f440b7c005c46037075,5270
    pantry-tree:
      size: 3935
      sha256: c0ed60caea8b8aace63e40628c753ba8b007edcea17ccc270317b533d07c8e28
  original:
    hackage: dbmigrations-2.0.0
- completed:
    hackage: dbmigrations-postgresql-2.0.0@sha256:89ed3d6ac7e7871464cacb2fc5f98884faee750e5ebb050c5d0c7eb9e3757ba9,2184
    pantry-tree:
      size: 291
      sha256: d635259b437187918787ba8acffa3322f5fb61dcc6e941027ff1db5a5d1a6611
  original:
    hackage: dbmigrations-postgresql-2.0.0
- completed:
    hackage: yaml-light-0.1.4@sha256:838b509c3a895339eea42b6524f46ba4e59c33e9f43537123cdaedfea09ca58d,1887
    pantry-tree:
      size: 217
      sha256: ed05f839d189a312392f35d41888602b5929a8c0bcd54ee50bffe013552526ba
  original:
    hackage: yaml-light-0.1.4
- completed:
    hackage: HDBC-2.4.0.4@sha256:6fc3406c7ccf709e303e03b009e0c7f6be0774d0095f190e1014786cc955d702,3080
    pantry-tree:
      size: 936
      sha256: 76ff462f23ec0f9250ea291f8536d53b9483c206fe69825c635e9afd0e23ac41
  original:
    hackage: HDBC-2.4.0.4@sha256:6fc3406c7ccf709e303e03b009e0c7f6be0774d0095f190e1014786cc955d702,3080
snapshots:
- completed:
    size: 491373
    url: https://raw.githubusercontent.com/commercialhaskell/stackage-snapshots/master/lts/15/3.yaml
    sha256: 29e9ff61b8bf4b4fcff55cde3ac106ebb971f0d21331dccac9eee63374fa6ca8
  original: lts-15.3
