# This file was autogenerated by Stack.
# You should not edit this file by hand.
# For more information, please see the documentation at:
#   https://docs.haskellstack.org/en/stable/lock_files

packages: []
snapshots:
- completed:
    sha256: 392e9e93de922286cdd27a5771f6ad8270e91cb4e389e80bb8fcf1b6d408a407
    size: 620592
    url: https://raw.githubusercontent.com/commercialhaskell/stackage-snapshots/master/nightly/2024/3/20.yaml
  original: nightly-2024-03-20
